
Microsoft Visual Studio Solution File, Format Version 12.00
# Visual Studio Version 17
VisualStudioVersion = 17.0.31903.59
MinimumVisualStudioVersion = 10.0.40219.1
Project("{2150E333-8FDC-42A3-9474-1A3956D46DE8}") = "src", "src", "{D81ED542-3641-41D0-83FD-91135139DBA2}"
EndProject
Project("{FAE04EC0-301F-11D3-BF4B-00C04F79EFBC}") = "AuctionService", "src\AuctionService\AuctionService.csproj", "{CCF26ECE-45EF-4F73-89E2-251DBDE15374}"
EndProject
Project("{FAE04EC0-301F-11D3-BF4B-00C04F79EFBC}") = "SearchService", "src\SearchService\SearchService.csproj", "{FE426113-0A38-4F6E-BFF3-EF37E1B71615}"
EndProject
Project("{FAE04EC0-301F-11D3-BF4B-00C04F79EFBC}") = "Contracts", "src\Contracts\Contracts.csproj", "{1601AC3C-687A-4A78-860A-C3FCC1CC0F74}"
EndProject
Project("{FAE04EC0-301F-11D3-BF4B-00C04F79EFBC}") = "IdentityService", "src\IdentityService\IdentityService.csproj", "{B5CA5B69-05F0-4664-AE8D-1848F80F76AA}"
EndProject
Global
	GlobalSection(SolutionConfigurationPlatforms) = preSolution
		Debug|Any CPU = Debug|Any CPU
		Release|Any CPU = Release|Any CPU
	EndGlobalSection
	GlobalSection(SolutionProperties) = preSolution
		HideSolutionNode = FALSE
	EndGlobalSection
	GlobalSection(ProjectConfigurationPlatforms) = postSolution
		{CCF26ECE-45EF-4F73-89E2-251DBDE15374}.Debug|Any CPU.ActiveCfg = Debug|Any CPU
		{CCF26ECE-45EF-4F73-89E2-251DBDE15374}.Debug|Any CPU.Build.0 = Debug|Any CPU
		{CCF26ECE-45EF-4F73-89E2-251DBDE15374}.Release|Any CPU.ActiveCfg = Release|Any CPU
		{CCF26ECE-45EF-4F73-89E2-251DBDE15374}.Release|Any CPU.Build.0 = Release|Any CPU
		{FE426113-0A38-4F6E-BFF3-EF37E1B71615}.Debug|Any CPU.ActiveCfg = Debug|Any CPU
		{FE426113-0A38-4F6E-BFF3-EF37E1B71615}.Debug|Any CPU.Build.0 = Debug|Any CPU
		{FE426113-0A38-4F6E-BFF3-EF37E1B71615}.Release|Any CPU.ActiveCfg = Release|Any CPU
		{FE426113-0A38-4F6E-BFF3-EF37E1B71615}.Release|Any CPU.Build.0 = Release|Any CPU
		{1601AC3C-687A-4A78-860A-C3FCC1CC0F74}.Debug|Any CPU.ActiveCfg = Debug|Any CPU
		{1601AC3C-687A-4A78-860A-C3FCC1CC0F74}.Debug|Any CPU.Build.0 = Debug|Any CPU
		{1601AC3C-687A-4A78-860A-C3FCC1CC0F74}.Release|Any CPU.ActiveCfg = Release|Any CPU
		{1601AC3C-687A-4A78-860A-C3FCC1CC0F74}.Release|Any CPU.Build.0 = Release|Any CPU
		{B5CA5B69-05F0-4664-AE8D-1848F80F76AA}.Debug|Any CPU.ActiveCfg = Debug|Any CPU
		{B5CA5B69-05F0-4664-AE8D-1848F80F76AA}.Debug|Any CPU.Build.0 = Debug|Any CPU
		{B5CA5B69-05F0-4664-AE8D-1848F80F76AA}.Release|Any CPU.ActiveCfg = Release|Any CPU
		{B5CA5B69-05F0-4664-AE8D-1848F80F76AA}.Release|Any CPU.Build.0 = Release|Any CPU
	EndGlobalSection
	GlobalSection(NestedProjects) = preSolution
		{CCF26ECE-45EF-4F73-89E2-251DBDE15374} = {D81ED542-3641-41D0-83FD-91135139DBA2}
		{FE426113-0A38-4F6E-BFF3-EF37E1B71615} = {D81ED542-3641-41D0-83FD-91135139DBA2}
		{1601AC3C-687A-4A78-860A-C3FCC1CC0F74} = {D81ED542-3641-41D0-83FD-91135139DBA2}
		{B5CA5B69-05F0-4664-AE8D-1848F80F76AA} = {D81ED542-3641-41D0-83FD-91135139DBA2}
	EndGlobalSection
EndGlobal
